
Microsoft Visual Studio Solution File, Format Version 12.00
# Visual Studio Version 16
VisualStudioVersion = 16.0.32228.343
MinimumVisualStudioVersion = 10.0.40219.1
Project("{FAE04EC0-301F-11D3-BF4B-00C04F79EFBC}") = "JwtAuth", "JwtAuth\JwtAuth.csproj", "{92F6EF84-3747-446D-8743-E1B731A4A24E}"
EndProject
Global
	GlobalSection(SolutionConfigurationPlatforms) = preSolution
		Debug|Any CPU = Debug|Any CPU
		Release|Any CPU = Release|Any CPU
	EndGlobalSection
	GlobalSection(ProjectConfigurationPlatforms) = postSolution
		{92F6EF84-3747-446D-8743-E1B731A4A24E}.Debug|Any CPU.ActiveCfg = Debug|Any CPU
		{92F6EF84-3747-446D-8743-E1B731A4A24E}.Debug|Any CPU.Build.0 = Debug|Any CPU
		{92F6EF84-3747-446D-8743-E1B731A4A24E}.Release|Any CPU.ActiveCfg = Release|Any CPU
		{92F6EF84-3747-446D-8743-E1B731A4A24E}.Release|Any CPU.Build.0 = Release|Any CPU
	EndGlobalSection
	GlobalSection(SolutionProperties) = preSolution
		HideSolutionNode = FALSE
	EndGlobalSection
	GlobalSection(ExtensibilityGlobals) = postSolution
		SolutionGuid = {9E190513-7D58-43AE-AC09-074DF5487AC8}
	EndGlobalSection
EndGlobal
